
Microsoft Visual Studio Solution File, Format Version 12.00
# Visual Studio 2012
Project("{FAE04EC0-301F-11D3-BF4B-00C04F79EFBC}") = "TWOWBot", "TWOWBot\TWOWBot.csproj", "{EFD4CC36-F61B-432D-9B1B-D03FBAD250D0}"
EndProject
Project("{2150E333-8FDC-42A3-9474-1A3956D46DE8}") = "Solution Items", "Solution Items", "{4AF122C6-A9C7-4299-87D3-E70BB30D699E}"
	ProjectSection(SolutionItems) = preProject
		README.md = README.md
	EndProjectSection
EndProject
Global
	GlobalSection(SolutionConfigurationPlatforms) = preSolution
		Debug|x86 = Debug|x86
		Release|x86 = Release|x86
	EndGlobalSection
	GlobalSection(ProjectConfigurationPlatforms) = postSolution
		{EFD4CC36-F61B-432D-9B1B-D03FBAD250D0}.Debug|x86.ActiveCfg = Debug|x86
		{EFD4CC36-F61B-432D-9B1B-D03FBAD250D0}.Debug|x86.Build.0 = Debug|x86
		{EFD4CC36-F61B-432D-9B1B-D03FBAD250D0}.Release|x86.ActiveCfg = Release|x86
		{EFD4CC36-F61B-432D-9B1B-D03FBAD250D0}.Release|x86.Build.0 = Release|x86
	EndGlobalSection
EndGlobal
